// !$*UTF8*$!
{
	archiveVersion = 1;
	classes = {
	};
	objectVersion = 48;
	objects = {

/* Begin PBXBuildFile section */
		D15A7E9320174DBF00BC6F8B /* ContainerViewController.swift in Sources */ = {isa = PBXBuildFile; fileRef = D15A7E9220174DBF00BC6F8B /* ContainerViewController.swift */; };
		D17F6BE32014945F00EE303F /* AppDelegate.swift in Sources */ = {isa = PBXBuildFile; fileRef = D17F6BE22014945F00EE303F /* AppDelegate.swift */; };
		D17F6BE82014945F00EE303F /* Main.storyboard in Resources */ = {isa = PBXBuildFile; fileRef = D17F6BE62014945F00EE303F /* Main.storyboard */; };
		D17F6BEA2014945F00EE303F /* Assets.xcassets in Resources */ = {isa = PBXBuildFile; fileRef = D17F6BE92014945F00EE303F /* Assets.xcassets */; };
		D17F6BED2014945F00EE303F /* LaunchScreen.storyboard in Resources */ = {isa = PBXBuildFile; fileRef = D17F6BEB2014945F00EE303F /* LaunchScreen.storyboard */; };
		D17F6BF52014947900EE303F /* ToDoItem.swift in Sources */ = {isa = PBXBuildFile; fileRef = D17F6BF42014947900EE303F /* ToDoItem.swift */; };
		D17F6BF82014967E00EE303F /* DataManager.swift in Sources */ = {isa = PBXBuildFile; fileRef = D17F6BF72014967E00EE303F /* DataManager.swift */; };
		D17F6BFB2014A28200EE303F /* ToDoTableViewCell.swift in Sources */ = {isa = PBXBuildFile; fileRef = D17F6BFA2014A28200EE303F /* ToDoTableViewCell.swift */; };
		D17F6BFD2014A2A000EE303F /* ToDoTableViewController.swift in Sources */ = {isa = PBXBuildFile; fileRef = D17F6BFC2014A2A000EE303F /* ToDoTableViewController.swift */; };
/* End PBXBuildFile section */

/* Begin PBXFileReference section */
		D15A7E9220174DBF00BC6F8B /* ContainerViewController.swift */ = {isa = PBXFileReference; lastKnownFileType = sourcecode.swift; path = ContainerViewController.swift; sourceTree = "<group>"; };
		D17F6BDF2014945F00EE303F /* ToDoApp.app */ = {isa = PBXFileReference; explicitFileType = wrapper.application; includeInIndex = 0; path = ToDoApp.app; sourceTree = BUILT_PRODUCTS_DIR; };
		D17F6BE22014945F00EE303F /* AppDelegate.swift */ = {isa = PBXFileReference; lastKnownFileType = sourcecode.swift; path = AppDelegate.swift; sourceTree = "<group>"; };
		D17F6BE72014945F00EE303F /* Base */ = {isa = PBXFileReference; lastKnownFileType = file.storyboard; name = Base; path = Base.lproj/Main.storyboard; sourceTree = "<group>"; };
		D17F6BE92014945F00EE303F /* Assets.xcassets */ = {isa = PBXFileReference; lastKnownFileType = folder.assetcatalog; path = Assets.xcassets; sourceTree = "<group>"; };
		D17F6BEC2014945F00EE303F /* Base */ = {isa = PBXFileReference; lastKnownFileType = file.storyboard; name = Base; path = Base.lproj/LaunchScreen.storyboard; sourceTree = "<group>"; };
		D17F6BEE2014945F00EE303F /* Info.plist */ = {isa = PBXFileReference; lastKnownFileType = text.plist.xml; path = Info.plist; sourceTree = "<group>"; };
		D17F6BF42014947900EE303F /* ToDoItem.swift */ = {isa = PBXFileReference; lastKnownFileType = sourcecode.swift; path = ToDoItem.swift; sourceTree = "<group>"; };
		D17F6BF72014967E00EE303F /* DataManager.swift */ = {isa = PBXFileReference; lastKnownFileType = sourcecode.swift; path = DataManager.swift; sourceTree = "<group>"; };
		D17F6BFA2014A28200EE303F /* ToDoTableViewCell.swift */ = {isa = PBXFileReference; lastKnownFileType = sourcecode.swift; path = ToDoTableViewCell.swift; sourceTree = "<group>"; };
		D17F6BFC2014A2A000EE303F /* ToDoTableViewController.swift */ = {isa = PBXFileReference; lastKnownFileType = sourcecode.swift; path = ToDoTableViewController.swift; sourceTree = "<group>"; };
/* End PBXFileReference section */

/* Begin PBXFrameworksBuildPhase section */
		D17F6BDC2014945F00EE303F /* Frameworks */ = {
			isa = PBXFrameworksBuildPhase;
			buildActionMask = 2147483647;
			files = (
			);
			runOnlyForDeploymentPostprocessing = 0;
		};
/* End PBXFrameworksBuildPhase section */

/* Begin PBXGroup section */
		D17F6BD62014945F00EE303F = {
			isa = PBXGroup;
			children = (
				D17F6BE12014945F00EE303F /* ToDoApp */,
				D17F6BE02014945F00EE303F /* Products */,
			);
			sourceTree = "<group>";
		};
		D17F6BE02014945F00EE303F /* Products */ = {
			isa = PBXGroup;
			children = (
				D17F6BDF2014945F00EE303F /* ToDoApp.app */,
			);
			name = Products;
			sourceTree = "<group>";
		};
		D17F6BE12014945F00EE303F /* ToDoApp */ = {
			isa = PBXGroup;
			children = (
				D17F6BE22014945F00EE303F /* AppDelegate.swift */,
				D17F6BF92014A25C00EE303F /* Views */,
				D17F6BF62014947F00EE303F /* Models */,
				D17F6BE92014945F00EE303F /* Assets.xcassets */,
				D17F6BEB2014945F00EE303F /* LaunchScreen.storyboard */,
				D17F6BEE2014945F00EE303F /* Info.plist */,
			);
			path = ToDoApp;
			sourceTree = "<group>";
		};
		D17F6BF62014947F00EE303F /* Models */ = {
			isa = PBXGroup;
			children = (
				D17F6BF42014947900EE303F /* ToDoItem.swift */,
				D17F6BF72014967E00EE303F /* DataManager.swift */,
			);
			path = Models;
			sourceTree = "<group>";
		};
		D17F6BF92014A25C00EE303F /* Views */ = {
			isa = PBXGroup;
			children = (
				D17F6BE62014945F00EE303F /* Main.storyboard */,
				D17F6BFA2014A28200EE303F /* ToDoTableViewCell.swift */,
				D17F6BFC2014A2A000EE303F /* ToDoTableViewController.swift */,
				D15A7E9220174DBF00BC6F8B /* ContainerViewController.swift */,
			);
			path = Views;
			sourceTree = "<group>";
		};
/* End PBXGroup section */

/* Begin PBXNativeTarget section */
		D17F6BDE2014945F00EE303F /* ToDoApp */ = {
			isa = PBXNativeTarget;
			buildConfigurationList = D17F6BF12014945F00EE303F /* Build configuration list for PBXNativeTarget "ToDoApp" */;
			buildPhases = (
				D17F6BDB2014945F00EE303F /* Sources */,
				D17F6BDC2014945F00EE303F /* Frameworks */,
				D17F6BDD2014945F00EE303F /* Resources */,
			);
			buildRules = (
			);
			dependencies = (
			);
			name = ToDoApp;
			productName = ToDoApp;
			productReference = D17F6BDF2014945F00EE303F /* ToDoApp.app */;
			productType = "com.apple.product-type.application";
		};
/* End PBXNativeTarget section */

/* Begin PBXProject section */
		D17F6BD72014945F00EE303F /* Project object */ = {
			isa = PBXProject;
			attributes = {
				LastSwiftUpdateCheck = 0920;
				LastUpgradeCheck = 0920;
				ORGANIZATIONNAME = "Laura Evans";
				TargetAttributes = {
					D17F6BDE2014945F00EE303F = {
						CreatedOnToolsVersion = 9.2;
						ProvisioningStyle = Automatic;
					};
				};
			};
			buildConfigurationList = D17F6BDA2014945F00EE303F /* Build configuration list for PBXProject "ToDoApp" */;
			compatibilityVersion = "Xcode 8.0";
			developmentRegion = en;
			hasScannedForEncodings = 0;
			knownRegions = (
				en,
				Base,
			);
			mainGroup = D17F6BD62014945F00EE303F;
			productRefGroup = D17F6BE02014945F00EE303F /* Products */;
			projectDirPath = "";
			projectRoot = "";
			targets = (
				D17F6BDE2014945F00EE303F /* ToDoApp */,
			);
		};
/* End PBXProject section */

/* Begin PBXResourcesBuildPhase section */
		D17F6BDD2014945F00EE303F /* Resources */ = {
			isa = PBXResourcesBuildPhase;
			buildActionMask = 2147483647;
			files = (
				D17F6BED2014945F00EE303F /* LaunchScreen.storyboard in Resources */,
				D17F6BEA2014945F00EE303F /* Assets.xcassets in Resources */,
				D17F6BE82014945F00EE303F /* Main.storyboard in Resources */,
			);
			runOnlyForDeploymentPostprocessing = 0;
		};
/* End PBXResourcesBuildPhase section */

/* Begin PBXSourcesBuildPhase section */
		D17F6BDB2014945F00EE303F /* Sources */ = {
			isa = PBXSourcesBuildPhase;
			buildActionMask = 2147483647;
			files = (
				D17F6BF82014967E00EE303F /* DataManager.swift in Sources */,
				D17F6BE32014945F00EE303F /* AppDelegate.swift in Sources */,
				D17F6BF52014947900EE303F /* ToDoItem.swift in Sources */,
				D17F6BFB2014A28200EE303F /* ToDoTableViewCell.swift in Sources */,
				D15A7E9320174DBF00BC6F8B /* ContainerViewController.swift in Sources */,
				D17F6BFD2014A2A000EE303F /* ToDoTableViewController.swift in Sources */,
			);
			runOnlyForDeploymentPostprocessing = 0;
		};
/* End PBXSourcesBuildPhase section */

/* Begin PBXVariantGroup section */
		D17F6BE62014945F00EE303F /* Main.storyboard */ = {
			isa = PBXVariantGroup;
			children = (
				D17F6BE72014945F00EE303F /* Base */,
			);
			name = Main.storyboard;
			sourceTree = "<group>";
		};
		D17F6BEB2014945F00EE303F /* LaunchScreen.storyboard */ = {
			isa = PBXVariantGroup;
			children = (
				D17F6BEC2014945F00EE303F /* Base */,
			);
			name = LaunchScreen.storyboard;
			sourceTree = "<group>";
		};
/* End PBXVariantGroup section */

/* Begin XCBuildConfiguration section */
		D17F6BEF2014945F00EE303F /* Debug */ = {
			isa = XCBuildConfiguration;
			buildSettings = {
				ALWAYS_SEARCH_USER_PATHS = NO;
				CLANG_ANALYZER_NONNULL = YES;
				CLANG_ANALYZER_NUMBER_OBJECT_CONVERSION = YES_AGGRESSIVE;
				CLANG_CXX_LANGUAGE_STANDARD = "gnu++14";
				CLANG_CXX_LIBRARY = "libc++";
				CLANG_ENABLE_MODULES = YES;
				CLANG_ENABLE_OBJC_ARC = YES;
				CLANG_WARN_BLOCK_CAPTURE_AUTORELEASING = YES;
				CLANG_WARN_BOOL_CONVERSION = YES;
				CLANG_WARN_COMMA = YES;
				CLANG_WARN_CONSTANT_CONVERSION = YES;
				CLANG_WARN_DIRECT_OBJC_ISA_USAGE = YES_ERROR;
				CLANG_WARN_DOCUMENTATION_COMMENTS = YES;
				CLANG_WARN_EMPTY_BODY = YES;
				CLANG_WARN_ENUM_CONVERSION = YES;
				CLANG_WARN_INFINITE_RECURSION = YES;
				CLANG_WARN_INT_CONVERSION = YES;
				CLANG_WARN_NON_LITERAL_NULL_CONVERSION = YES;
				CLANG_WARN_OBJC_LITERAL_CONVERSION = YES;
				CLANG_WARN_OBJC_ROOT_CLASS = YES_ERROR;
				CLANG_WARN_RANGE_LOOP_ANALYSIS = YES;
				CLANG_WARN_STRICT_PROTOTYPES = YES;
				CLANG_WARN_SUSPICIOUS_MOVE = YES;
				CLANG_WARN_UNGUARDED_AVAILABILITY = YES_AGGRESSIVE;
				CLANG_WARN_UNREACHABLE_CODE = YES;
				CLANG_WARN__DUPLICATE_METHOD_MATCH = YES;
				CODE_SIGN_IDENTITY = "iPhone Developer";
				COPY_PHASE_STRIP = NO;
				DEBUG_INFORMATION_FORMAT = dwarf;
				ENABLE_STRICT_OBJC_MSGSEND = YES;
				ENABLE_TESTABILITY = YES;
				GCC_C_LANGUAGE_STANDARD = gnu11;
				GCC_DYNAMIC_NO_PIC = NO;
				GCC_NO_COMMON_BLOCKS = YES;
				GCC_OPTIMIZATION_LEVEL = 0;
				GCC_PREPROCESSOR_DEFINITIONS = (
					"DEBUG=1",
					"$(inherited)",
				);
				GCC_WARN_64_TO_32_BIT_CONVERSION = YES;
				GCC_WARN_ABOUT_RETURN_TYPE = YES_ERROR;
				GCC_WARN_UNDECLARED_SELECTOR = YES;
				GCC_WARN_UNINITIALIZED_AUTOS = YES_AGGRESSIVE;
				GCC_WARN_UNUSED_FUNCTION = YES;
				GCC_WARN_UNUSED_VARIABLE = YES;
				IPHONEOS_DEPLOYMENT_TARGET = 11.2;
				MTL_ENABLE_DEBUG_INFO = YES;
				ONLY_ACTIVE_ARCH = YES;
				SDKROOT = iphoneos;
				SWIFT_ACTIVE_COMPILATION_CONDITIONS = DEBUG;
				SWIFT_OPTIMIZATION_LEVEL = "-Onone";
			};
			name = Debug;
		};
		D17F6BF02014945F00EE303F /* Release */ = {
			isa = XCBuildConfiguration;
			buildSettings = {
				ALWAYS_SEARCH_USER_PATHS = NO;
				CLANG_ANALYZER_NONNULL = YES;
				CLANG_ANALYZER_NUMBER_OBJECT_CONVERSION = YES_AGGRESSIVE;
				CLANG_CXX_LANGUAGE_STANDARD = "gnu++14";
				CLANG_CXX_LIBRARY = "libc++";
				CLANG_ENABLE_MODULES = YES;
				CLANG_ENABLE_OBJC_ARC = YES;
				CLANG_WARN_BLOCK_CAPTURE_AUTORELEASING = YES;
				CLANG_WARN_BOOL_CONVERSION = YES;
				CLANG_WARN_COMMA = YES;
				CLANG_WARN_CONSTANT_CONVERSION = YES;
				CLANG_WARN_DIRECT_OBJC_ISA_USAGE = YES_ERROR;
				CLANG_WARN_DOCUMENTATION_COMMENTS = YES;
				CLANG_WARN_EMPTY_BODY = YES;
				CLANG_WARN_ENUM_CONVERSION = YES;
				CLANG_WARN_INFINITE_RECURSION = YES;
				CLANG_WARN_INT_CONVERSION = YES;
				CLANG_WARN_NON_LITERAL_NULL_CONVERSION = YES;
				CLANG_WARN_OBJC_LITERAL_CONVERSION = YES;
				CLANG_WARN_OBJC_ROOT_CLASS = YES_ERROR;
				CLANG_WARN_RANGE_LOOP_ANALYSIS = YES;
				CLANG_WARN_STRICT_PROTOTYPES = YES;
				CLANG_WARN_SUSPICIOUS_MOVE = YES;
				CLANG_WARN_UNGUARDED_AVAILABILITY = YES_AGGRESSIVE;
				CLANG_WARN_UNREACHABLE_CODE = YES;
				CLANG_WARN__DUPLICATE_METHOD_MATCH = YES;
				CODE_SIGN_IDENTITY = "iPhone Developer";
				COPY_PHASE_STRIP = NO;
				DEBUG_INFORMATION_FORMAT = "dwarf-with-dsym";
				ENABLE_NS_ASSERTIONS = NO;
				ENABLE_STRICT_OBJC_MSGSEND = YES;
				GCC_C_LANGUAGE_STANDARD = gnu11;
				GCC_NO_COMMON_BLOCKS = YES;
				GCC_WARN_64_TO_32_BIT_CONVERSION = YES;
				GCC_WARN_ABOUT_RETURN_TYPE = YES_ERROR;
				GCC_WARN_UNDECLARED_SELECTOR = YES;
				GCC_WARN_UNINITIALIZED_AUTOS = YES_AGGRESSIVE;
				GCC_WARN_UNUSED_FUNCTION = YES;
				GCC_WARN_UNUSED_VARIABLE = YES;
				IPHONEOS_DEPLOYMENT_TARGET = 11.2;
				MTL_ENABLE_DEBUG_INFO = NO;
				SDKROOT = iphoneos;
				SWIFT_OPTIMIZATION_LEVEL = "-Owholemodule";
				VALIDATE_PRODUCT = YES;
			};
			name = Release;
		};
		D17F6BF22014945F00EE303F /* Debug */ = {
			isa = XCBuildConfiguration;
			buildSettings = {
				ASSETCATALOG_COMPILER_APPICON_NAME = AppIcon;
				CODE_SIGN_STYLE = Automatic;
				DEVELOPMENT_TEAM = 859LK3T2WH;
				INFOPLIST_FILE = ToDoApp/Info.plist;
				LD_RUNPATH_SEARCH_PATHS = "$(inherited) @executable_path/Frameworks";
				PRODUCT_BUNDLE_IDENTIFIER = com.lauraevans.ToDoApp;
				PRODUCT_NAME = "$(TARGET_NAME)";
				SWIFT_VERSION = 4.0;
				TARGETED_DEVICE_FAMILY = "1,2";
			};
			name = Debug;
		};
		D17F6BF32014945F00EE303F /* Release */ = {
			isa = XCBuildConfiguration;
			buildSettings = {
				ASSETCATALOG_COMPILER_APPICON_NAME = AppIcon;
				CODE_SIGN_STYLE = Automatic;
				DEVELOPMENT_TEAM = 859LK3T2WH;
				INFOPLIST_FILE = ToDoApp/Info.plist;
				LD_RUNPATH_SEARCH_PATHS = "$(inherited) @executable_path/Frameworks";
				PRODUCT_BUNDLE_IDENTIFIER = com.lauraevans.ToDoApp;
				PRODUCT_NAME = "$(TARGET_NAME)";
				SWIFT_VERSION = 4.0;
				TARGETED_DEVICE_FAMILY = "1,2";
			};
			name = Release;
		};
/* End XCBuildConfiguration section */

/* Begin XCConfigurationList section */
		D17F6BDA2014945F00EE303F /* Build configuration list for PBXProject "ToDoApp" */ = {
			isa = XCConfigurationList;
			buildConfigurations = (
				D17F6BEF2014945F00EE303F /* Debug */,
				D17F6BF02014945F00EE303F /* Release */,
			);
			defaultConfigurationIsVisible = 0;
			defaultConfigurationName = Release;
		};
		D17F6BF12014945F00EE303F /* Build configuration list for PBXNativeTarget "ToDoApp" */ = {
			isa = XCConfigurationList;
			buildConfigurations = (
				D17F6BF22014945F00EE303F /* Debug */,
				D17F6BF32014945F00EE303F /* Release */,
			);
			defaultConfigurationIsVisible = 0;
			defaultConfigurationName = Release;
		};
/* End XCConfigurationList section */
	};
	rootObject = D17F6BD72014945F00EE303F /* Project object */;
}
